
Microsoft Visual Studio Solution File, Format Version 12.00
# Visual Studio Version 17
VisualStudioVersion = 17.6.33723.286
MinimumVisualStudioVersion = 10.0.40219.1
Project("{FAE04EC0-301F-11D3-BF4B-00C04F79EFBC}") = "Task2", "Task2\Task2.csproj", "{CFB190D4-C5D2-47B9-8E76-157B38AEDB78}"
EndProject
Project("{FAE04EC0-301F-11D3-BF4B-00C04F79EFBC}") = "Task3", "Task3\Task3.csproj", "{4159898F-B87F-48BA-A9D9-7A152B699B8C}"
EndProject
Project("{FAE04EC0-301F-11D3-BF4B-00C04F79EFBC}") = "Task1", "Task1\Task1.csproj", "{9C96B1DF-0EF2-4B76-8C8B-DDCEC34C1EED}"
EndProject
Global
	GlobalSection(SolutionConfigurationPlatforms) = preSolution
		Debug|Any CPU = Debug|Any CPU
		Release|Any CPU = Release|Any CPU
	EndGlobalSection
	GlobalSection(ProjectConfigurationPlatforms) = postSolution
		{CFB190D4-C5D2-47B9-8E76-157B38AEDB78}.Debug|Any CPU.ActiveCfg = Debug|Any CPU
		{CFB190D4-C5D2-47B9-8E76-157B38AEDB78}.Debug|Any CPU.Build.0 = Debug|Any CPU
		{CFB190D4-C5D2-47B9-8E76-157B38AEDB78}.Release|Any CPU.ActiveCfg = Release|Any CPU
		{CFB190D4-C5D2-47B9-8E76-157B38AEDB78}.Release|Any CPU.Build.0 = Release|Any CPU
		{4159898F-B87F-48BA-A9D9-7A152B699B8C}.Debug|Any CPU.ActiveCfg = Debug|Any CPU
		{4159898F-B87F-48BA-A9D9-7A152B699B8C}.Debug|Any CPU.Build.0 = Debug|Any CPU
		{4159898F-B87F-48BA-A9D9-7A152B699B8C}.Release|Any CPU.ActiveCfg = Release|Any CPU
		{4159898F-B87F-48BA-A9D9-7A152B699B8C}.Release|Any CPU.Build.0 = Release|Any CPU
		{9C96B1DF-0EF2-4B76-8C8B-DDCEC34C1EED}.Debug|Any CPU.ActiveCfg = Debug|Any CPU
		{9C96B1DF-0EF2-4B76-8C8B-DDCEC34C1EED}.Debug|Any CPU.Build.0 = Debug|Any CPU
		{9C96B1DF-0EF2-4B76-8C8B-DDCEC34C1EED}.Release|Any CPU.ActiveCfg = Release|Any CPU
		{9C96B1DF-0EF2-4B76-8C8B-DDCEC34C1EED}.Release|Any CPU.Build.0 = Release|Any CPU
	EndGlobalSection
	GlobalSection(SolutionProperties) = preSolution
		HideSolutionNode = FALSE
	EndGlobalSection
	GlobalSection(ExtensibilityGlobals) = postSolution
		SolutionGuid = {30DD5D62-7F3D-4ABF-A6ED-317FFD82DA52}
	EndGlobalSection
EndGlobal
